// !$*UTF8*$!
{
	archiveVersion = 1;
	classes = {
	};
	objectVersion = 55;
	objects = {

/* Begin PBXBuildFile section */
		C6FF9E9829F646D10024C33A /* AppDelegate.swift in Sources */ = {isa = PBXBuildFile; fileRef = C6FF9E9729F646D10024C33A /* AppDelegate.swift */; };
		C6FF9E9A29F646D10024C33A /* SceneDelegate.swift in Sources */ = {isa = PBXBuildFile; fileRef = C6FF9E9929F646D10024C33A /* SceneDelegate.swift */; };
		C6FF9E9C29F646D10024C33A /* ViewController.swift in Sources */ = {isa = PBXBuildFile; fileRef = C6FF9E9B29F646D10024C33A /* ViewController.swift */; };
		C6FF9E9F29F646D10024C33A /* Main.storyboard in Resources */ = {isa = PBXBuildFile; fileRef = C6FF9E9D29F646D10024C33A /* Main.storyboard */; };
		C6FF9EA229F646D10024C33A /* CoreDataBase.xcdatamodeld in Sources */ = {isa = PBXBuildFile; fileRef = C6FF9EA029F646D10024C33A /* CoreDataBase.xcdatamodeld */; };
		C6FF9EA429F646D20024C33A /* Assets.xcassets in Resources */ = {isa = PBXBuildFile; fileRef = C6FF9EA329F646D20024C33A /* Assets.xcassets */; };
		C6FF9EA729F646D20024C33A /* LaunchScreen.storyboard in Resources */ = {isa = PBXBuildFile; fileRef = C6FF9EA529F646D20024C33A /* LaunchScreen.storyboard */; };
		C6FF9EB229F646D20024C33A /* CoreDataBaseTests.swift in Sources */ = {isa = PBXBuildFile; fileRef = C6FF9EB129F646D20024C33A /* CoreDataBaseTests.swift */; };
		C6FF9EBC29F646D20024C33A /* CoreDataBaseUITests.swift in Sources */ = {isa = PBXBuildFile; fileRef = C6FF9EBB29F646D20024C33A /* CoreDataBaseUITests.swift */; };
		C6FF9EBE29F646D20024C33A /* CoreDataBaseUITestsLaunchTests.swift in Sources */ = {isa = PBXBuildFile; fileRef = C6FF9EBD29F646D20024C33A /* CoreDataBaseUITestsLaunchTests.swift */; };
/* End PBXBuildFile section */

/* Begin PBXContainerItemProxy section */
		C6FF9EAE29F646D20024C33A /* PBXContainerItemProxy */ = {
			isa = PBXContainerItemProxy;
			containerPortal = C6FF9E8C29F646D10024C33A /* Project object */;
			proxyType = 1;
			remoteGlobalIDString = C6FF9E9329F646D10024C33A;
			remoteInfo = CoreDataBase;
		};
		C6FF9EB829F646D20024C33A /* PBXContainerItemProxy */ = {
			isa = PBXContainerItemProxy;
			containerPortal = C6FF9E8C29F646D10024C33A /* Project object */;
			proxyType = 1;
			remoteGlobalIDString = C6FF9E9329F646D10024C33A;
			remoteInfo = CoreDataBase;
		};
/* End PBXContainerItemProxy section */

/* Begin PBXFileReference section */
		C6FF9E9429F646D10024C33A /* CoreDataBase.app */ = {isa = PBXFileReference; explicitFileType = wrapper.application; includeInIndex = 0; path = CoreDataBase.app; sourceTree = BUILT_PRODUCTS_DIR; };
		C6FF9E9729F646D10024C33A /* AppDelegate.swift */ = {isa = PBXFileReference; lastKnownFileType = sourcecode.swift; path = AppDelegate.swift; sourceTree = "<group>"; };
		C6FF9E9929F646D10024C33A /* SceneDelegate.swift */ = {isa = PBXFileReference; lastKnownFileType = sourcecode.swift; path = SceneDelegate.swift; sourceTree = "<group>"; };
		C6FF9E9B29F646D10024C33A /* ViewController.swift */ = {isa = PBXFileReference; lastKnownFileType = sourcecode.swift; path = ViewController.swift; sourceTree = "<group>"; };
		C6FF9E9E29F646D10024C33A /* Base */ = {isa = PBXFileReference; lastKnownFileType = file.storyboard; name = Base; path = Base.lproj/Main.storyboard; sourceTree = "<group>"; };
		C6FF9EA129F646D10024C33A /* CoreDataBase.xcdatamodel */ = {isa = PBXFileReference; lastKnownFileType = wrapper.xcdatamodel; path = CoreDataBase.xcdatamodel; sourceTree = "<group>"; };
		C6FF9EA329F646D20024C33A /* Assets.xcassets */ = {isa = PBXFileReference; lastKnownFileType = folder.assetcatalog; path = Assets.xcassets; sourceTree = "<group>"; };
		C6FF9EA629F646D20024C33A /* Base */ = {isa = PBXFileReference; lastKnownFileType = file.storyboard; name = Base; path = Base.lproj/LaunchScreen.storyboard; sourceTree = "<group>"; };
		C6FF9EA829F646D20024C33A /* Info.plist */ = {isa = PBXFileReference; lastKnownFileType = text.plist.xml; path = Info.plist; sourceTree = "<group>"; };
		C6FF9EAD29F646D20024C33A /* CoreDataBaseTests.xctest */ = {isa = PBXFileReference; explicitFileType = wrapper.cfbundle; includeInIndex = 0; path = CoreDataBaseTests.xctest; sourceTree = BUILT_PRODUCTS_DIR; };
		C6FF9EB129F646D20024C33A /* CoreDataBaseTests.swift */ = {isa = PBXFileReference; lastKnownFileType = sourcecode.swift; path = CoreDataBaseTests.swift; sourceTree = "<group>"; };
		C6FF9EB729F646D20024C33A /* CoreDataBaseUITests.xctest */ = {isa = PBXFileReference; explicitFileType = wrapper.cfbundle; includeInIndex = 0; path = CoreDataBaseUITests.xctest; sourceTree = BUILT_PRODUCTS_DIR; };
		C6FF9EBB29F646D20024C33A /* CoreDataBaseUITests.swift */ = {isa = PBXFileReference; lastKnownFileType = sourcecode.swift; path = CoreDataBaseUITests.swift; sourceTree = "<group>"; };
		C6FF9EBD29F646D20024C33A /* CoreDataBaseUITestsLaunchTests.swift */ = {isa = PBXFileReference; lastKnownFileType = sourcecode.swift; path = CoreDataBaseUITestsLaunchTests.swift; sourceTree = "<group>"; };
/* End PBXFileReference section */

/* Begin PBXFrameworksBuildPhase section */
		C6FF9E9129F646D10024C33A /* Frameworks */ = {
			isa = PBXFrameworksBuildPhase;
			buildActionMask = 2147483647;
			files = (
			);
			runOnlyForDeploymentPostprocessing = 0;
		};
		C6FF9EAA29F646D20024C33A /* Frameworks */ = {
			isa = PBXFrameworksBuildPhase;
			buildActionMask = 2147483647;
			files = (
			);
			runOnlyForDeploymentPostprocessing = 0;
		};
		C6FF9EB429F646D20024C33A /* Frameworks */ = {
			isa = PBXFrameworksBuildPhase;
			buildActionMask = 2147483647;
			files = (
			);
			runOnlyForDeploymentPostprocessing = 0;
		};
/* End PBXFrameworksBuildPhase section */

/* Begin PBXGroup section */
		C6FF9E8B29F646D10024C33A = {
			isa = PBXGroup;
			children = (
				C6FF9E9629F646D10024C33A /* CoreDataBase */,
				C6FF9EB029F646D20024C33A /* CoreDataBaseTests */,
				C6FF9EBA29F646D20024C33A /* CoreDataBaseUITests */,
				C6FF9E9529F646D10024C33A /* Products */,
			);
			sourceTree = "<group>";
		};
		C6FF9E9529F646D10024C33A /* Products */ = {
			isa = PBXGroup;
			children = (
				C6FF9E9429F646D10024C33A /* CoreDataBase.app */,
				C6FF9EAD29F646D20024C33A /* CoreDataBaseTests.xctest */,
				C6FF9EB729F646D20024C33A /* CoreDataBaseUITests.xctest */,
			);
			name = Products;
			sourceTree = "<group>";
		};
		C6FF9E9629F646D10024C33A /* CoreDataBase */ = {
			isa = PBXGroup;
			children = (
				C6FF9E9729F646D10024C33A /* AppDelegate.swift */,
				C6FF9E9929F646D10024C33A /* SceneDelegate.swift */,
				C6FF9E9B29F646D10024C33A /* ViewController.swift */,
				C6FF9E9D29F646D10024C33A /* Main.storyboard */,
				C6FF9EA329F646D20024C33A /* Assets.xcassets */,
				C6FF9EA529F646D20024C33A /* LaunchScreen.storyboard */,
				C6FF9EA829F646D20024C33A /* Info.plist */,
				C6FF9EA029F646D10024C33A /* CoreDataBase.xcdatamodeld */,
			);
			path = CoreDataBase;
			sourceTree = "<group>";
		};
		C6FF9EB029F646D20024C33A /* CoreDataBaseTests */ = {
			isa = PBXGroup;
			children = (
				C6FF9EB129F646D20024C33A /* CoreDataBaseTests.swift */,
			);
			path = CoreDataBaseTests;
			sourceTree = "<group>";
		};
		C6FF9EBA29F646D20024C33A /* CoreDataBaseUITests */ = {
			isa = PBXGroup;
			children = (
				C6FF9EBB29F646D20024C33A /* CoreDataBaseUITests.swift */,
				C6FF9EBD29F646D20024C33A /* CoreDataBaseUITestsLaunchTests.swift */,
			);
			path = CoreDataBaseUITests;
			sourceTree = "<group>";
		};
/* End PBXGroup section */

/* Begin PBXNativeTarget section */
		C6FF9E9329F646D10024C33A /* CoreDataBase */ = {
			isa = PBXNativeTarget;
			buildConfigurationList = C6FF9EC129F646D20024C33A /* Build configuration list for PBXNativeTarget "CoreDataBase" */;
			buildPhases = (
				C6FF9E9029F646D10024C33A /* Sources */,
				C6FF9E9129F646D10024C33A /* Frameworks */,
				C6FF9E9229F646D10024C33A /* Resources */,
			);
			buildRules = (
			);
			dependencies = (
			);
			name = CoreDataBase;
			productName = CoreDataBase;
			productReference = C6FF9E9429F646D10024C33A /* CoreDataBase.app */;
			productType = "com.apple.product-type.application";
		};
		C6FF9EAC29F646D20024C33A /* CoreDataBaseTests */ = {
			isa = PBXNativeTarget;
			buildConfigurationList = C6FF9EC429F646D20024C33A /* Build configuration list for PBXNativeTarget "CoreDataBaseTests" */;
			buildPhases = (
				C6FF9EA929F646D20024C33A /* Sources */,
				C6FF9EAA29F646D20024C33A /* Frameworks */,
				C6FF9EAB29F646D20024C33A /* Resources */,
			);
			buildRules = (
			);
			dependencies = (
				C6FF9EAF29F646D20024C33A /* PBXTargetDependency */,
			);
			name = CoreDataBaseTests;
			productName = CoreDataBaseTests;
			productReference = C6FF9EAD29F646D20024C33A /* CoreDataBaseTests.xctest */;
			productType = "com.apple.product-type.bundle.unit-test";
		};
		C6FF9EB629F646D20024C33A /* CoreDataBaseUITests */ = {
			isa = PBXNativeTarget;
			buildConfigurationList = C6FF9EC729F646D20024C33A /* Build configuration list for PBXNativeTarget "CoreDataBaseUITests" */;
			buildPhases = (
				C6FF9EB329F646D20024C33A /* Sources */,
				C6FF9EB429F646D20024C33A /* Frameworks */,
				C6FF9EB529F646D20024C33A /* Resources */,
			);
			buildRules = (
			);
			dependencies = (
				C6FF9EB929F646D20024C33A /* PBXTargetDependency */,
			);
			name = CoreDataBaseUITests;
			productName = CoreDataBaseUITests;
			productReference = C6FF9EB729F646D20024C33A /* CoreDataBaseUITests.xctest */;
			productType = "com.apple.product-type.bundle.ui-testing";
		};
/* End PBXNativeTarget section */

/* Begin PBXProject section */
		C6FF9E8C29F646D10024C33A /* Project object */ = {
			isa = PBXProject;
			attributes = {
				BuildIndependentTargetsInParallel = 1;
				LastSwiftUpdateCheck = 1300;
				LastUpgradeCheck = 1300;
				TargetAttributes = {
					C6FF9E9329F646D10024C33A = {
						CreatedOnToolsVersion = 13.0;
					};
					C6FF9EAC29F646D20024C33A = {
						CreatedOnToolsVersion = 13.0;
						TestTargetID = C6FF9E9329F646D10024C33A;
					};
					C6FF9EB629F646D20024C33A = {
						CreatedOnToolsVersion = 13.0;
						TestTargetID = C6FF9E9329F646D10024C33A;
					};
				};
			};
			buildConfigurationList = C6FF9E8F29F646D10024C33A /* Build configuration list for PBXProject "CoreDataBase" */;
			compatibilityVersion = "Xcode 13.0";
			developmentRegion = en;
			hasScannedForEncodings = 0;
			knownRegions = (
				en,
				Base,
			);
			mainGroup = C6FF9E8B29F646D10024C33A;
			productRefGroup = C6FF9E9529F646D10024C33A /* Products */;
			projectDirPath = "";
			projectRoot = "";
			targets = (
				C6FF9E9329F646D10024C33A /* CoreDataBase */,
				C6FF9EAC29F646D20024C33A /* CoreDataBaseTests */,
				C6FF9EB629F646D20024C33A /* CoreDataBaseUITests */,
			);
		};
/* End PBXProject section */

/* Begin PBXResourcesBuildPhase section */
		C6FF9E9229F646D10024C33A /* Resources */ = {
			isa = PBXResourcesBuildPhase;
			buildActionMask = 2147483647;
			files = (
				C6FF9EA729F646D20024C33A /* LaunchScreen.storyboard in Resources */,
				C6FF9EA429F646D20024C33A /* Assets.xcassets in Resources */,
				C6FF9E9F29F646D10024C33A /* Main.storyboard in Resources */,
			);
			runOnlyForDeploymentPostprocessing = 0;
		};
		C6FF9EAB29F646D20024C33A /* Resources */ = {
			isa = PBXResourcesBuildPhase;
			buildActionMask = 2147483647;
			files = (
			);
			runOnlyForDeploymentPostprocessing = 0;
		};
		C6FF9EB529F646D20024C33A /* Resources */ = {
			isa = PBXResourcesBuildPhase;
			buildActionMask = 2147483647;
			files = (
			);
			runOnlyForDeploymentPostprocessing = 0;
		};
/* End PBXResourcesBuildPhase section */

/* Begin PBXSourcesBuildPhase section */
		C6FF9E9029F646D10024C33A /* Sources */ = {
			isa = PBXSourcesBuildPhase;
			buildActionMask = 2147483647;
			files = (
				C6FF9E9C29F646D10024C33A /* ViewController.swift in Sources */,
				C6FF9E9829F646D10024C33A /* AppDelegate.swift in Sources */,
				C6FF9E9A29F646D10024C33A /* SceneDelegate.swift in Sources */,
				C6FF9EA229F646D10024C33A /* CoreDataBase.xcdatamodeld in Sources */,
			);
			runOnlyForDeploymentPostprocessing = 0;
		};
		C6FF9EA929F646D20024C33A /* Sources */ = {
			isa = PBXSourcesBuildPhase;
			buildActionMask = 2147483647;
			files = (
				C6FF9EB229F646D20024C33A /* CoreDataBaseTests.swift in Sources */,
			);
			runOnlyForDeploymentPostprocessing = 0;
		};
		C6FF9EB329F646D20024C33A /* Sources */ = {
			isa = PBXSourcesBuildPhase;
			buildActionMask = 2147483647;
			files = (
				C6FF9EBE29F646D20024C33A /* CoreDataBaseUITestsLaunchTests.swift in Sources */,
				C6FF9EBC29F646D20024C33A /* CoreDataBaseUITests.swift in Sources */,
			);
			runOnlyForDeploymentPostprocessing = 0;
		};
/* End PBXSourcesBuildPhase section */

/* Begin PBXTargetDependency section */
		C6FF9EAF29F646D20024C33A /* PBXTargetDependency */ = {
			isa = PBXTargetDependency;
			target = C6FF9E9329F646D10024C33A /* CoreDataBase */;
			targetProxy = C6FF9EAE29F646D20024C33A /* PBXContainerItemProxy */;
		};
		C6FF9EB929F646D20024C33A /* PBXTargetDependency */ = {
			isa = PBXTargetDependency;
			target = C6FF9E9329F646D10024C33A /* CoreDataBase */;
			targetProxy = C6FF9EB829F646D20024C33A /* PBXContainerItemProxy */;
		};
/* End PBXTargetDependency section */

/* Begin PBXVariantGroup section */
		C6FF9E9D29F646D10024C33A /* Main.storyboard */ = {
			isa = PBXVariantGroup;
			children = (
				C6FF9E9E29F646D10024C33A /* Base */,
			);
			name = Main.storyboard;
			sourceTree = "<group>";
		};
		C6FF9EA529F646D20024C33A /* LaunchScreen.storyboard */ = {
			isa = PBXVariantGroup;
			children = (
				C6FF9EA629F646D20024C33A /* Base */,
			);
			name = LaunchScreen.storyboard;
			sourceTree = "<group>";
		};
/* End PBXVariantGroup section */

/* Begin XCBuildConfiguration section */
		C6FF9EBF29F646D20024C33A /* Debug */ = {
			isa = XCBuildConfiguration;
			buildSettings = {
				ALWAYS_SEARCH_USER_PATHS = NO;
				CLANG_ANALYZER_NONNULL = YES;
				CLANG_ANALYZER_NUMBER_OBJECT_CONVERSION = YES_AGGRESSIVE;
				CLANG_CXX_LANGUAGE_STANDARD = "gnu++17";
				CLANG_CXX_LIBRARY = "libc++";
				CLANG_ENABLE_MODULES = YES;
				CLANG_ENABLE_OBJC_ARC = YES;
				CLANG_ENABLE_OBJC_WEAK = YES;
				CLANG_WARN_BLOCK_CAPTURE_AUTORELEASING = YES;
				CLANG_WARN_BOOL_CONVERSION = YES;
				CLANG_WARN_COMMA = YES;
				CLANG_WARN_CONSTANT_CONVERSION = YES;
				CLANG_WARN_DEPRECATED_OBJC_IMPLEMENTATIONS = YES;
				CLANG_WARN_DIRECT_OBJC_ISA_USAGE = YES_ERROR;
				CLANG_WARN_DOCUMENTATION_COMMENTS = YES;
				CLANG_WARN_EMPTY_BODY = YES;
				CLANG_WARN_ENUM_CONVERSION = YES;
				CLANG_WARN_INFINITE_RECURSION = YES;
				CLANG_WARN_INT_CONVERSION = YES;
				CLANG_WARN_NON_LITERAL_NULL_CONVERSION = YES;
				CLANG_WARN_OBJC_IMPLICIT_RETAIN_SELF = YES;
				CLANG_WARN_OBJC_LITERAL_CONVERSION = YES;
				CLANG_WARN_OBJC_ROOT_CLASS = YES_ERROR;
				CLANG_WARN_QUOTED_INCLUDE_IN_FRAMEWORK_HEADER = YES;
				CLANG_WARN_RANGE_LOOP_ANALYSIS = YES;
				CLANG_WARN_STRICT_PROTOTYPES = YES;
				CLANG_WARN_SUSPICIOUS_MOVE = YES;
				CLANG_WARN_UNGUARDED_AVAILABILITY = YES_AGGRESSIVE;
				CLANG_WARN_UNREACHABLE_CODE = YES;
				CLANG_WARN__DUPLICATE_METHOD_MATCH = YES;
				COPY_PHASE_STRIP = NO;
				DEBUG_INFORMATION_FORMAT = dwarf;
				ENABLE_STRICT_OBJC_MSGSEND = YES;
				ENABLE_TESTABILITY = YES;
				GCC_C_LANGUAGE_STANDARD = gnu11;
				GCC_DYNAMIC_NO_PIC = NO;
				GCC_NO_COMMON_BLOCKS = YES;
				GCC_OPTIMIZATION_LEVEL = 0;
				GCC_PREPROCESSOR_DEFINITIONS = (
					"DEBUG=1",
					"$(inherited)",
				);
				GCC_WARN_64_TO_32_BIT_CONVERSION = YES;
				GCC_WARN_ABOUT_RETURN_TYPE = YES_ERROR;
				GCC_WARN_UNDECLARED_SELECTOR = YES;
				GCC_WARN_UNINITIALIZED_AUTOS = YES_AGGRESSIVE;
				GCC_WARN_UNUSED_FUNCTION = YES;
				GCC_WARN_UNUSED_VARIABLE = YES;
				IPHONEOS_DEPLOYMENT_TARGET = 15.0;
				MTL_ENABLE_DEBUG_INFO = INCLUDE_SOURCE;
				MTL_FAST_MATH = YES;
				ONLY_ACTIVE_ARCH = YES;
				SDKROOT = iphoneos;
				SWIFT_ACTIVE_COMPILATION_CONDITIONS = DEBUG;
				SWIFT_OPTIMIZATION_LEVEL = "-Onone";
			};
			name = Debug;
		};
		C6FF9EC029F646D20024C33A /* Release */ = {
			isa = XCBuildConfiguration;
			buildSettings = {
				ALWAYS_SEARCH_USER_PATHS = NO;
				CLANG_ANALYZER_NONNULL = YES;
				CLANG_ANALYZER_NUMBER_OBJECT_CONVERSION = YES_AGGRESSIVE;
				CLANG_CXX_LANGUAGE_STANDARD = "gnu++17";
				CLANG_CXX_LIBRARY = "libc++";
				CLANG_ENABLE_MODULES = YES;
				CLANG_ENABLE_OBJC_ARC = YES;
				CLANG_ENABLE_OBJC_WEAK = YES;
				CLANG_WARN_BLOCK_CAPTURE_AUTORELEASING = YES;
				CLANG_WARN_BOOL_CONVERSION = YES;
				CLANG_WARN_COMMA = YES;
				CLANG_WARN_CONSTANT_CONVERSION = YES;
				CLANG_WARN_DEPRECATED_OBJC_IMPLEMENTATIONS = YES;
				CLANG_WARN_DIRECT_OBJC_ISA_USAGE = YES_ERROR;
				CLANG_WARN_DOCUMENTATION_COMMENTS = YES;
				CLANG_WARN_EMPTY_BODY = YES;
				CLANG_WARN_ENUM_CONVERSION = YES;
				CLANG_WARN_INFINITE_RECURSION = YES;
				CLANG_WARN_INT_CONVERSION = YES;
				CLANG_WARN_NON_LITERAL_NULL_CONVERSION = YES;
				CLANG_WARN_OBJC_IMPLICIT_RETAIN_SELF = YES;
				CLANG_WARN_OBJC_LITERAL_CONVERSION = YES;
				CLANG_WARN_OBJC_ROOT_CLASS = YES_ERROR;
				CLANG_WARN_QUOTED_INCLUDE_IN_FRAMEWORK_HEADER = YES;
				CLANG_WARN_RANGE_LOOP_ANALYSIS = YES;
				CLANG_WARN_STRICT_PROTOTYPES = YES;
				CLANG_WARN_SUSPICIOUS_MOVE = YES;
				CLANG_WARN_UNGUARDED_AVAILABILITY = YES_AGGRESSIVE;
				CLANG_WARN_UNREACHABLE_CODE = YES;
				CLANG_WARN__DUPLICATE_METHOD_MATCH = YES;
				COPY_PHASE_STRIP = NO;
				DEBUG_INFORMATION_FORMAT = "dwarf-with-dsym";
				ENABLE_NS_ASSERTIONS = NO;
				ENABLE_STRICT_OBJC_MSGSEND = YES;
				GCC_C_LANGUAGE_STANDARD = gnu11;
				GCC_NO_COMMON_BLOCKS = YES;
				GCC_WARN_64_TO_32_BIT_CONVERSION = YES;
				GCC_WARN_ABOUT_RETURN_TYPE = YES_ERROR;
				GCC_WARN_UNDECLARED_SELECTOR = YES;
				GCC_WARN_UNINITIALIZED_AUTOS = YES_AGGRESSIVE;
				GCC_WARN_UNUSED_FUNCTION = YES;
				GCC_WARN_UNUSED_VARIABLE = YES;
				IPHONEOS_DEPLOYMENT_TARGET = 15.0;
				MTL_ENABLE_DEBUG_INFO = NO;
				MTL_FAST_MATH = YES;
				SDKROOT = iphoneos;
				SWIFT_COMPILATION_MODE = wholemodule;
				SWIFT_OPTIMIZATION_LEVEL = "-O";
				VALIDATE_PRODUCT = YES;
			};
			name = Release;
		};
		C6FF9EC229F646D20024C33A /* Debug */ = {
			isa = XCBuildConfiguration;
			buildSettings = {
				ASSETCATALOG_COMPILER_APPICON_NAME = AppIcon;
				ASSETCATALOG_COMPILER_GLOBAL_ACCENT_COLOR_NAME = AccentColor;
				CODE_SIGN_STYLE = Automatic;
				CURRENT_PROJECT_VERSION = 1;
				GENERATE_INFOPLIST_FILE = YES;
				INFOPLIST_FILE = CoreDataBase/Info.plist;
				INFOPLIST_KEY_UIApplicationSupportsIndirectInputEvents = YES;
				INFOPLIST_KEY_UILaunchStoryboardName = LaunchScreen;
				INFOPLIST_KEY_UIMainStoryboardFile = Main;
				INFOPLIST_KEY_UISupportedInterfaceOrientations_iPad = "UIInterfaceOrientationPortrait UIInterfaceOrientationPortraitUpsideDown UIInterfaceOrientationLandscapeLeft UIInterfaceOrientationLandscapeRight";
				INFOPLIST_KEY_UISupportedInterfaceOrientations_iPhone = "UIInterfaceOrientationPortrait UIInterfaceOrientationLandscapeLeft UIInterfaceOrientationLandscapeRight";
				LD_RUNPATH_SEARCH_PATHS = (
					"$(inherited)",
					"@executable_path/Frameworks",
				);
				MARKETING_VERSION = 1.0;
				PRODUCT_BUNDLE_IDENTIFIER = aniket.CoreDataBase;
				PRODUCT_NAME = "$(TARGET_NAME)";
				SWIFT_EMIT_LOC_STRINGS = YES;
				SWIFT_VERSION = 5.0;
				TARGETED_DEVICE_FAMILY = "1,2";
			};
			name = Debug;
		};
		C6FF9EC329F646D20024C33A /* Release */ = {
			isa = XCBuildConfiguration;
			buildSettings = {
				ASSETCATALOG_COMPILER_APPICON_NAME = AppIcon;
				ASSETCATALOG_COMPILER_GLOBAL_ACCENT_COLOR_NAME = AccentColor;
				CODE_SIGN_STYLE = Automatic;
				CURRENT_PROJECT_VERSION = 1;
				GENERATE_INFOPLIST_FILE = YES;
				INFOPLIST_FILE = CoreDataBase/Info.plist;
				INFOPLIST_KEY_UIApplicationSupportsIndirectInputEvents = YES;
				INFOPLIST_KEY_UILaunchStoryboardName = LaunchScreen;
				INFOPLIST_KEY_UIMainStoryboardFile = Main;
				INFOPLIST_KEY_UISupportedInterfaceOrientations_iPad = "UIInterfaceOrientationPortrait UIInterfaceOrientationPortraitUpsideDown UIInterfaceOrientationLandscapeLeft UIInterfaceOrientationLandscapeRight";
				INFOPLIST_KEY_UISupportedInterfaceOrientations_iPhone = "UIInterfaceOrientationPortrait UIInterfaceOrientationLandscapeLeft UIInterfaceOrientationLandscapeRight";
				LD_RUNPATH_SEARCH_PATHS = (
					"$(inherited)",
					"@executable_path/Frameworks",
				);
				MARKETING_VERSION = 1.0;
				PRODUCT_BUNDLE_IDENTIFIER = aniket.CoreDataBase;
				PRODUCT_NAME = "$(TARGET_NAME)";
				SWIFT_EMIT_LOC_STRINGS = YES;
				SWIFT_VERSION = 5.0;
				TARGETED_DEVICE_FAMILY = "1,2";
			};
			name = Release;
		};
		C6FF9EC529F646D20024C33A /* Debug */ = {
			isa = XCBuildConfiguration;
			buildSettings = {
				ALWAYS_EMBED_SWIFT_STANDARD_LIBRARIES = YES;
				BUNDLE_LOADER = "$(TEST_HOST)";
				CODE_SIGN_STYLE = Automatic;
				CURRENT_PROJECT_VERSION = 1;
				GENERATE_INFOPLIST_FILE = YES;
				IPHONEOS_DEPLOYMENT_TARGET = 15.0;
				LD_RUNPATH_SEARCH_PATHS = (
					"$(inherited)",
					"@executable_path/Frameworks",
					"@loader_path/Frameworks",
				);
				MARKETING_VERSION = 1.0;
				PRODUCT_BUNDLE_IDENTIFIER = aniket.CoreDataBaseTests;
				PRODUCT_NAME = "$(TARGET_NAME)";
				SWIFT_EMIT_LOC_STRINGS = NO;
				SWIFT_VERSION = 5.0;
				TARGETED_DEVICE_FAMILY = "1,2";
				TEST_HOST = "$(BUILT_PRODUCTS_DIR)/CoreDataBase.app/CoreDataBase";
			};
			name = Debug;
		};
		C6FF9EC629F646D20024C33A /* Release */ = {
			isa = XCBuildConfiguration;
			buildSettings = {
				ALWAYS_EMBED_SWIFT_STANDARD_LIBRARIES = YES;
				BUNDLE_LOADER = "$(TEST_HOST)";
				CODE_SIGN_STYLE = Automatic;
				CURRENT_PROJECT_VERSION = 1;
				GENERATE_INFOPLIST_FILE = YES;
				IPHONEOS_DEPLOYMENT_TARGET = 15.0;
				LD_RUNPATH_SEARCH_PATHS = (
					"$(inherited)",
					"@executable_path/Frameworks",
					"@loader_path/Frameworks",
				);
				MARKETING_VERSION = 1.0;
				PRODUCT_BUNDLE_IDENTIFIER = aniket.CoreDataBaseTests;
				PRODUCT_NAME = "$(TARGET_NAME)";
				SWIFT_EMIT_LOC_STRINGS = NO;
				SWIFT_VERSION = 5.0;
				TARGETED_DEVICE_FAMILY = "1,2";
				TEST_HOST = "$(BUILT_PRODUCTS_DIR)/CoreDataBase.app/CoreDataBase";
			};
			name = Release;
		};
		C6FF9EC829F646D20024C33A /* Debug */ = {
			isa = XCBuildConfiguration;
			buildSettings = {
				ALWAYS_EMBED_SWIFT_STANDARD_LIBRARIES = YES;
				CODE_SIGN_STYLE = Automatic;
				CURRENT_PROJECT_VERSION = 1;
				GENERATE_INFOPLIST_FILE = YES;
				LD_RUNPATH_SEARCH_PATHS = (
					"$(inherited)",
					"@executable_path/Frameworks",
					"@loader_path/Frameworks",
				);
				MARKETING_VERSION = 1.0;
				PRODUCT_BUNDLE_IDENTIFIER = aniket.CoreDataBaseUITests;
				PRODUCT_NAME = "$(TARGET_NAME)";
				SWIFT_EMIT_LOC_STRINGS = NO;
				SWIFT_VERSION = 5.0;
				TARGETED_DEVICE_FAMILY = "1,2";
				TEST_TARGET_NAME = CoreDataBase;
			};
			name = Debug;
		};
		C6FF9EC929F646D20024C33A /* Release */ = {
			isa = XCBuildConfiguration;
			buildSettings = {
				ALWAYS_EMBED_SWIFT_STANDARD_LIBRARIES = YES;
				CODE_SIGN_STYLE = Automatic;
				CURRENT_PROJECT_VERSION = 1;
				GENERATE_INFOPLIST_FILE = YES;
				LD_RUNPATH_SEARCH_PATHS = (
					"$(inherited)",
					"@executable_path/Frameworks",
					"@loader_path/Frameworks",
				);
				MARKETING_VERSION = 1.0;
				PRODUCT_BUNDLE_IDENTIFIER = aniket.CoreDataBaseUITests;
				PRODUCT_NAME = "$(TARGET_NAME)";
				SWIFT_EMIT_LOC_STRINGS = NO;
				SWIFT_VERSION = 5.0;
				TARGETED_DEVICE_FAMILY = "1,2";
				TEST_TARGET_NAME = CoreDataBase;
			};
			name = Release;
		};
/* End XCBuildConfiguration section */

/* Begin XCConfigurationList section */
		C6FF9E8F29F646D10024C33A /* Build configuration list for PBXProject "CoreDataBase" */ = {
			isa = XCConfigurationList;
			buildConfigurations = (
				C6FF9EBF29F646D20024C33A /* Debug */,
				C6FF9EC029F646D20024C33A /* Release */,
			);
			defaultConfigurationIsVisible = 0;
			defaultConfigurationName = Release;
		};
		C6FF9EC129F646D20024C33A /* Build configuration list for PBXNativeTarget "CoreDataBase" */ = {
			isa = XCConfigurationList;
			buildConfigurations = (
				C6FF9EC229F646D20024C33A /* Debug */,
				C6FF9EC329F646D20024C33A /* Release */,
			);
			defaultConfigurationIsVisible = 0;
			defaultConfigurationName = Release;
		};
		C6FF9EC429F646D20024C33A /* Build configuration list for PBXNativeTarget "CoreDataBaseTests" */ = {
			isa = XCConfigurationList;
			buildConfigurations = (
				C6FF9EC529F646D20024C33A /* Debug */,
				C6FF9EC629F646D20024C33A /* Release */,
			);
			defaultConfigurationIsVisible = 0;
			defaultConfigurationName = Release;
		};
		C6FF9EC729F646D20024C33A /* Build configuration list for PBXNativeTarget "CoreDataBaseUITests" */ = {
			isa = XCConfigurationList;
			buildConfigurations = (
				C6FF9EC829F646D20024C33A /* Debug */,
				C6FF9EC929F646D20024C33A /* Release */,
			);
			defaultConfigurationIsVisible = 0;
			defaultConfigurationName = Release;
		};
/* End XCConfigurationList section */

/* Begin XCVersionGroup section */
		C6FF9EA029F646D10024C33A /* CoreDataBase.xcdatamodeld */ = {
			isa = XCVersionGroup;
			children = (
				C6FF9EA129F646D10024C33A /* CoreDataBase.xcdatamodel */,
			);
			currentVersion = C6FF9EA129F646D10024C33A /* CoreDataBase.xcdatamodel */;
			path = CoreDataBase.xcdatamodeld;
			sourceTree = "<group>";
			versionGroupType = wrapper.xcdatamodel;
		};
/* End XCVersionGroup section */
	};
	rootObject = C6FF9E8C29F646D10024C33A /* Project object */;
}
